
Microsoft Visual Studio Solution File, Format Version 12.00
# Visual Studio Version 17
VisualStudioVersion = 17.9.34616.47
MinimumVisualStudioVersion = 10.0.40219.1
Project("{9A19103F-16F7-4668-BE54-9A1E7A4F7556}") = "Prueba1.Presentation", "src\Prueba1.Presentation\Prueba1.Presentation.csproj", "{F98225AF-620D-40D8-BFEE-3FBD3BF93B2F}"
EndProject
Project("{9A19103F-16F7-4668-BE54-9A1E7A4F7556}") = "Prueba1.Shared.Settings", "src\Prueba1.Shared.Settings\Prueba1.Shared.Settings.csproj", "{79F6570B-F0E5-4202-98C9-382EAEE7BD09}"
EndProject
Project("{9A19103F-16F7-4668-BE54-9A1E7A4F7556}") = "Prueba1.Application", "src\Prueba1.Application\Prueba1.Application.csproj", "{BE0E9F3E-0893-42DA-8DC8-9E4441F054E2}"
EndProject
Project("{2150E333-8FDC-42A3-9474-1A3956D46DE8}") = "1.Presentation", "1.Presentation", "{346E96E2-3731-480E-B56F-1BCF5EFD2F32}"
EndProject
Project("{2150E333-8FDC-42A3-9474-1A3956D46DE8}") = "2.Application", "2.Application", "{846E1440-C5AB-4586-B8E1-A04C11EE48A3}"
EndProject
Project("{9A19103F-16F7-4668-BE54-9A1E7A4F7556}") = "Prueba1.Application.Contracts", "src\Prueba1.Application.Contracts\Prueba1.Application.Contracts.csproj", "{AC48241A-5B00-4ADB-80C8-9CA2D94CDFA6}"
EndProject
Project("{2150E333-8FDC-42A3-9474-1A3956D46DE8}") = "3.Domain", "3.Domain", "{C29B931A-7A1E-4691-9B94-C274D62E38F8}"
EndProject
Project("{9A19103F-16F7-4668-BE54-9A1E7A4F7556}") = "Prueba1.Domain", "src\Prueba1.Domain\Prueba1.Domain.csproj", "{69C84369-2BB0-40F0-895F-4552FDA27F5B}"
EndProject
Project("{2150E333-8FDC-42A3-9474-1A3956D46DE8}") = "4.Infraestructure", "4.Infraestructure", "{773F0DD2-FF2D-493F-8103-614555400835}"
EndProject
Project("{9A19103F-16F7-4668-BE54-9A1E7A4F7556}") = "Prueba1.Repository", "src\Prueba1.Repository\Prueba1.Repository.csproj", "{FF1CD673-CD98-4EEE-8FBC-11AB1489FC63}"
EndProject
Project("{9A19103F-16F7-4668-BE54-9A1E7A4F7556}") = "Prueba1.Repository.Contracts", "src\Prueba1.Repository.Contracts\Prueba1.Repository.Contracts.csproj", "{EBBE66FB-B330-4629-B914-43BC1D4F72A3}"
EndProject
Project("{9A19103F-16F7-4668-BE54-9A1E7A4F7556}") = "Prueba1.Repository.Models", "src\Prueba1.Repository.Models\Prueba1.Repository.Models.csproj", "{821BAA35-B205-4402-99D3-145DD773864A}"
EndProject
Project("{9A19103F-16F7-4668-BE54-9A1E7A4F7556}") = "Prueba1.Application.Model", "src\Prueba1.Application.Model\Prueba1.Application.Model.csproj", "{7E01230B-7D08-4E9C-A632-A87FEEB9A0C4}"
EndProject
Project("{2150E333-8FDC-42A3-9474-1A3956D46DE8}") = "Prueba1", "Prueba1", "{0396FCEE-D902-4F7D-80E7-6C3C581DADDC}"
EndProject
Project("{2150E333-8FDC-42A3-9474-1A3956D46DE8}") = "Prueba2", "Prueba2", "{ED51BD81-EFA9-4256-A33A-626026B16257}"
EndProject
Project("{9A19103F-16F7-4668-BE54-9A1E7A4F7556}") = "Prueba2.Application", "src\Prueba2.Application\Prueba2.Application.csproj", "{675CF186-4952-4D09-AD8D-A2DEA0C6B90C}"
EndProject
Project("{9A19103F-16F7-4668-BE54-9A1E7A4F7556}") = "Prueba2.Application.Contracts", "src\Prueba2.Application.Contracts\Prueba2.Application.Contracts.csproj", "{2AB3CB0C-FD67-4354-9F9C-2726611C6811}"
EndProject
Project("{9A19103F-16F7-4668-BE54-9A1E7A4F7556}") = "Prueba2.Domain", "src\Prueba2.Domain\Prueba2.Domain.csproj", "{F2CBD20C-7F54-4D70-A98F-0DFA1038D528}"
EndProject
Project("{2150E333-8FDC-42A3-9474-1A3956D46DE8}") = "Tests", "Tests", "{2A6F0012-E27A-4988-8054-4D808673B2E6}"
EndProject
Project("{9A19103F-16F7-4668-BE54-9A1E7A4F7556}") = "Prueba1.Application.Test", "src\Prueba1.Application.Test\Prueba1.Application.Test.csproj", "{5FEF2FFF-E22F-423D-92F5-4456D5986C68}"
EndProject
Project("{2150E333-8FDC-42A3-9474-1A3956D46DE8}") = "Tests", "Tests", "{9195E169-8A57-4812-B28A-B35BF2AC46DE}"
EndProject
Project("{9A19103F-16F7-4668-BE54-9A1E7A4F7556}") = "Prueba2.Application.Test", "src\Prueba2.Application.Test\Prueba2.Application.Test.csproj", "{197C98B7-AFB0-4C53-BA43-1CF572454239}"
EndProject
Project("{2150E333-8FDC-42A3-9474-1A3956D46DE8}") = "Tests", "Tests", "{0E38A15F-B916-4976-96E7-4BE24B1D0DD1}"
EndProject
Project("{9A19103F-16F7-4668-BE54-9A1E7A4F7556}") = "Prueba1.Domain.Test", "src\Prueba1.Domain.Test\Prueba1.Domain.Test.csproj", "{0E556D24-751B-4894-AE2E-B1D7484AD1E3}"
EndProject
Project("{9A19103F-16F7-4668-BE54-9A1E7A4F7556}") = "Prueba2.Domain.Test", "src\Prueba2.Domain.Test\Prueba2.Domain.Test.csproj", "{ECCB8311-38D1-4A88-A316-C524090A390C}"
EndProject
Project("{9A19103F-16F7-4668-BE54-9A1E7A4F7556}") = "Prueba1.ReaderTxt", "src\Prueba1.ReaderTxt\Prueba1.ReaderTxt.csproj", "{A6DF3115-F575-4C06-ACD9-7B3A26A0BA9A}"
EndProject
Global
	GlobalSection(SolutionConfigurationPlatforms) = preSolution
		Debug|Any CPU = Debug|Any CPU
		Release|Any CPU = Release|Any CPU
	EndGlobalSection
	GlobalSection(ProjectConfigurationPlatforms) = postSolution
		{F98225AF-620D-40D8-BFEE-3FBD3BF93B2F}.Debug|Any CPU.ActiveCfg = Debug|Any CPU
		{F98225AF-620D-40D8-BFEE-3FBD3BF93B2F}.Debug|Any CPU.Build.0 = Debug|Any CPU
		{F98225AF-620D-40D8-BFEE-3FBD3BF93B2F}.Release|Any CPU.ActiveCfg = Release|Any CPU
		{F98225AF-620D-40D8-BFEE-3FBD3BF93B2F}.Release|Any CPU.Build.0 = Release|Any CPU
		{79F6570B-F0E5-4202-98C9-382EAEE7BD09}.Debug|Any CPU.ActiveCfg = Debug|Any CPU
		{79F6570B-F0E5-4202-98C9-382EAEE7BD09}.Debug|Any CPU.Build.0 = Debug|Any CPU
		{79F6570B-F0E5-4202-98C9-382EAEE7BD09}.Release|Any CPU.ActiveCfg = Release|Any CPU
		{79F6570B-F0E5-4202-98C9-382EAEE7BD09}.Release|Any CPU.Build.0 = Release|Any CPU
		{BE0E9F3E-0893-42DA-8DC8-9E4441F054E2}.Debug|Any CPU.ActiveCfg = Debug|Any CPU
		{BE0E9F3E-0893-42DA-8DC8-9E4441F054E2}.Debug|Any CPU.Build.0 = Debug|Any CPU
		{BE0E9F3E-0893-42DA-8DC8-9E4441F054E2}.Release|Any CPU.ActiveCfg = Release|Any CPU
		{BE0E9F3E-0893-42DA-8DC8-9E4441F054E2}.Release|Any CPU.Build.0 = Release|Any CPU
		{AC48241A-5B00-4ADB-80C8-9CA2D94CDFA6}.Debug|Any CPU.ActiveCfg = Debug|Any CPU
		{AC48241A-5B00-4ADB-80C8-9CA2D94CDFA6}.Debug|Any CPU.Build.0 = Debug|Any CPU
		{AC48241A-5B00-4ADB-80C8-9CA2D94CDFA6}.Release|Any CPU.ActiveCfg = Release|Any CPU
		{AC48241A-5B00-4ADB-80C8-9CA2D94CDFA6}.Release|Any CPU.Build.0 = Release|Any CPU
		{69C84369-2BB0-40F0-895F-4552FDA27F5B}.Debug|Any CPU.ActiveCfg = Debug|Any CPU
		{69C84369-2BB0-40F0-895F-4552FDA27F5B}.Debug|Any CPU.Build.0 = Debug|Any CPU
		{69C84369-2BB0-40F0-895F-4552FDA27F5B}.Release|Any CPU.ActiveCfg = Release|Any CPU
		{69C84369-2BB0-40F0-895F-4552FDA27F5B}.Release|Any CPU.Build.0 = Release|Any CPU
		{FF1CD673-CD98-4EEE-8FBC-11AB1489FC63}.Debug|Any CPU.ActiveCfg = Debug|Any CPU
		{FF1CD673-CD98-4EEE-8FBC-11AB1489FC63}.Debug|Any CPU.Build.0 = Debug|Any CPU
		{FF1CD673-CD98-4EEE-8FBC-11AB1489FC63}.Release|Any CPU.ActiveCfg = Release|Any CPU
		{FF1CD673-CD98-4EEE-8FBC-11AB1489FC63}.Release|Any CPU.Build.0 = Release|Any CPU
		{EBBE66FB-B330-4629-B914-43BC1D4F72A3}.Debug|Any CPU.ActiveCfg = Debug|Any CPU
		{EBBE66FB-B330-4629-B914-43BC1D4F72A3}.Debug|Any CPU.Build.0 = Debug|Any CPU
		{EBBE66FB-B330-4629-B914-43BC1D4F72A3}.Release|Any CPU.ActiveCfg = Release|Any CPU
		{EBBE66FB-B330-4629-B914-43BC1D4F72A3}.Release|Any CPU.Build.0 = Release|Any CPU
		{821BAA35-B205-4402-99D3-145DD773864A}.Debug|Any CPU.ActiveCfg = Debug|Any CPU
		{821BAA35-B205-4402-99D3-145DD773864A}.Debug|Any CPU.Build.0 = Debug|Any CPU
		{821BAA35-B205-4402-99D3-145DD773864A}.Release|Any CPU.ActiveCfg = Release|Any CPU
		{821BAA35-B205-4402-99D3-145DD773864A}.Release|Any CPU.Build.0 = Release|Any CPU
		{7E01230B-7D08-4E9C-A632-A87FEEB9A0C4}.Debug|Any CPU.ActiveCfg = Debug|Any CPU
		{7E01230B-7D08-4E9C-A632-A87FEEB9A0C4}.Debug|Any CPU.Build.0 = Debug|Any CPU
		{7E01230B-7D08-4E9C-A632-A87FEEB9A0C4}.Release|Any CPU.ActiveCfg = Release|Any CPU
		{7E01230B-7D08-4E9C-A632-A87FEEB9A0C4}.Release|Any CPU.Build.0 = Release|Any CPU
		{675CF186-4952-4D09-AD8D-A2DEA0C6B90C}.Debug|Any CPU.ActiveCfg = Debug|Any CPU
		{675CF186-4952-4D09-AD8D-A2DEA0C6B90C}.Debug|Any CPU.Build.0 = Debug|Any CPU
		{675CF186-4952-4D09-AD8D-A2DEA0C6B90C}.Release|Any CPU.ActiveCfg = Release|Any CPU
		{675CF186-4952-4D09-AD8D-A2DEA0C6B90C}.Release|Any CPU.Build.0 = Release|Any CPU
		{2AB3CB0C-FD67-4354-9F9C-2726611C6811}.Debug|Any CPU.ActiveCfg = Debug|Any CPU
		{2AB3CB0C-FD67-4354-9F9C-2726611C6811}.Debug|Any CPU.Build.0 = Debug|Any CPU
		{2AB3CB0C-FD67-4354-9F9C-2726611C6811}.Release|Any CPU.ActiveCfg = Release|Any CPU
		{2AB3CB0C-FD67-4354-9F9C-2726611C6811}.Release|Any CPU.Build.0 = Release|Any CPU
		{F2CBD20C-7F54-4D70-A98F-0DFA1038D528}.Debug|Any CPU.ActiveCfg = Debug|Any CPU
		{F2CBD20C-7F54-4D70-A98F-0DFA1038D528}.Debug|Any CPU.Build.0 = Debug|Any CPU
		{F2CBD20C-7F54-4D70-A98F-0DFA1038D528}.Release|Any CPU.ActiveCfg = Release|Any CPU
		{F2CBD20C-7F54-4D70-A98F-0DFA1038D528}.Release|Any CPU.Build.0 = Release|Any CPU
		{5FEF2FFF-E22F-423D-92F5-4456D5986C68}.Debug|Any CPU.ActiveCfg = Debug|Any CPU
		{5FEF2FFF-E22F-423D-92F5-4456D5986C68}.Debug|Any CPU.Build.0 = Debug|Any CPU
		{5FEF2FFF-E22F-423D-92F5-4456D5986C68}.Release|Any CPU.ActiveCfg = Release|Any CPU
		{5FEF2FFF-E22F-423D-92F5-4456D5986C68}.Release|Any CPU.Build.0 = Release|Any CPU
		{197C98B7-AFB0-4C53-BA43-1CF572454239}.Debug|Any CPU.ActiveCfg = Debug|Any CPU
		{197C98B7-AFB0-4C53-BA43-1CF572454239}.Debug|Any CPU.Build.0 = Debug|Any CPU
		{197C98B7-AFB0-4C53-BA43-1CF572454239}.Release|Any CPU.ActiveCfg = Release|Any CPU
		{197C98B7-AFB0-4C53-BA43-1CF572454239}.Release|Any CPU.Build.0 = Release|Any CPU
		{0E556D24-751B-4894-AE2E-B1D7484AD1E3}.Debug|Any CPU.ActiveCfg = Debug|Any CPU
		{0E556D24-751B-4894-AE2E-B1D7484AD1E3}.Debug|Any CPU.Build.0 = Debug|Any CPU
		{0E556D24-751B-4894-AE2E-B1D7484AD1E3}.Release|Any CPU.ActiveCfg = Release|Any CPU
		{0E556D24-751B-4894-AE2E-B1D7484AD1E3}.Release|Any CPU.Build.0 = Release|Any CPU
		{ECCB8311-38D1-4A88-A316-C524090A390C}.Debug|Any CPU.ActiveCfg = Debug|Any CPU
		{ECCB8311-38D1-4A88-A316-C524090A390C}.Debug|Any CPU.Build.0 = Debug|Any CPU
		{ECCB8311-38D1-4A88-A316-C524090A390C}.Release|Any CPU.ActiveCfg = Release|Any CPU
		{ECCB8311-38D1-4A88-A316-C524090A390C}.Release|Any CPU.Build.0 = Release|Any CPU
		{A6DF3115-F575-4C06-ACD9-7B3A26A0BA9A}.Debug|Any CPU.ActiveCfg = Debug|Any CPU
		{A6DF3115-F575-4C06-ACD9-7B3A26A0BA9A}.Debug|Any CPU.Build.0 = Debug|Any CPU
		{A6DF3115-F575-4C06-ACD9-7B3A26A0BA9A}.Release|Any CPU.ActiveCfg = Release|Any CPU
		{A6DF3115-F575-4C06-ACD9-7B3A26A0BA9A}.Release|Any CPU.Build.0 = Release|Any CPU
	EndGlobalSection
	GlobalSection(SolutionProperties) = preSolution
		HideSolutionNode = FALSE
	EndGlobalSection
	GlobalSection(NestedProjects) = preSolution
		{F98225AF-620D-40D8-BFEE-3FBD3BF93B2F} = {346E96E2-3731-480E-B56F-1BCF5EFD2F32}
		{BE0E9F3E-0893-42DA-8DC8-9E4441F054E2} = {0396FCEE-D902-4F7D-80E7-6C3C581DADDC}
		{AC48241A-5B00-4ADB-80C8-9CA2D94CDFA6} = {0396FCEE-D902-4F7D-80E7-6C3C581DADDC}
		{69C84369-2BB0-40F0-895F-4552FDA27F5B} = {C29B931A-7A1E-4691-9B94-C274D62E38F8}
		{FF1CD673-CD98-4EEE-8FBC-11AB1489FC63} = {773F0DD2-FF2D-493F-8103-614555400835}
		{EBBE66FB-B330-4629-B914-43BC1D4F72A3} = {773F0DD2-FF2D-493F-8103-614555400835}
		{821BAA35-B205-4402-99D3-145DD773864A} = {773F0DD2-FF2D-493F-8103-614555400835}
		{7E01230B-7D08-4E9C-A632-A87FEEB9A0C4} = {0396FCEE-D902-4F7D-80E7-6C3C581DADDC}
		{0396FCEE-D902-4F7D-80E7-6C3C581DADDC} = {846E1440-C5AB-4586-B8E1-A04C11EE48A3}
		{ED51BD81-EFA9-4256-A33A-626026B16257} = {846E1440-C5AB-4586-B8E1-A04C11EE48A3}
		{675CF186-4952-4D09-AD8D-A2DEA0C6B90C} = {ED51BD81-EFA9-4256-A33A-626026B16257}
		{2AB3CB0C-FD67-4354-9F9C-2726611C6811} = {ED51BD81-EFA9-4256-A33A-626026B16257}
		{F2CBD20C-7F54-4D70-A98F-0DFA1038D528} = {C29B931A-7A1E-4691-9B94-C274D62E38F8}
		{2A6F0012-E27A-4988-8054-4D808673B2E6} = {0396FCEE-D902-4F7D-80E7-6C3C581DADDC}
		{5FEF2FFF-E22F-423D-92F5-4456D5986C68} = {2A6F0012-E27A-4988-8054-4D808673B2E6}
		{9195E169-8A57-4812-B28A-B35BF2AC46DE} = {ED51BD81-EFA9-4256-A33A-626026B16257}
		{197C98B7-AFB0-4C53-BA43-1CF572454239} = {9195E169-8A57-4812-B28A-B35BF2AC46DE}
		{0E38A15F-B916-4976-96E7-4BE24B1D0DD1} = {C29B931A-7A1E-4691-9B94-C274D62E38F8}
		{0E556D24-751B-4894-AE2E-B1D7484AD1E3} = {0E38A15F-B916-4976-96E7-4BE24B1D0DD1}
		{ECCB8311-38D1-4A88-A316-C524090A390C} = {0E38A15F-B916-4976-96E7-4BE24B1D0DD1}
		{A6DF3115-F575-4C06-ACD9-7B3A26A0BA9A} = {773F0DD2-FF2D-493F-8103-614555400835}
	EndGlobalSection
	GlobalSection(ExtensibilityGlobals) = postSolution
		SolutionGuid = {4964367D-F99A-4137-ACD8-EFE10D01C9B2}
	EndGlobalSection
EndGlobal
