
Microsoft Visual Studio Solution File, Format Version 12.00
# Visual Studio Version 17
VisualStudioVersion = 17.9.34616.47
MinimumVisualStudioVersion = 10.0.40219.1
Project("{2150E333-8FDC-42A3-9474-1A3956D46DE8}") = "1.Presentation", "1.Presentation", "{346E96E2-3731-480E-B56F-1BCF5EFD2F32}"
EndProject
Project("{2150E333-8FDC-42A3-9474-1A3956D46DE8}") = "Infraestructure", "Infraestructure", "{773F0DD2-FF2D-493F-8103-614555400835}"
EndProject
Project("{2150E333-8FDC-42A3-9474-1A3956D46DE8}") = "Tests", "Tests", "{2A6F0012-E27A-4988-8054-4D808673B2E6}"
EndProject
Project("{2150E333-8FDC-42A3-9474-1A3956D46DE8}") = "Tests", "Tests", "{9195E169-8A57-4812-B28A-B35BF2AC46DE}"
EndProject
Project("{2150E333-8FDC-42A3-9474-1A3956D46DE8}") = "BoundedContext", "BoundedContext", "{BF085B38-50C2-483F-BB55-3A166C951FC4}"
EndProject
Project("{2150E333-8FDC-42A3-9474-1A3956D46DE8}") = "FraudDetection", "FraudDetection", "{8ABCD4ED-E61A-4F06-9D38-B5053D8AA61E}"
EndProject
Project("{2150E333-8FDC-42A3-9474-1A3956D46DE8}") = "Wordlist", "Wordlist", "{C912704D-AC3E-4A5C-828C-EE4538658FB2}"
EndProject
Project("{9A19103F-16F7-4668-BE54-9A1E7A4F7556}") = "VerraMobility.FraudDetection.Application", "src\VerraMobility.FraudDetection.Application\VerraMobility.FraudDetection.Application.csproj", "{890782A8-FF32-4D78-9740-361B2FCC3468}"
EndProject
Project("{9A19103F-16F7-4668-BE54-9A1E7A4F7556}") = "VerraMobility.FraudDetection.Domain", "src\VerraMobility.FraudDetection.Domain\VerraMobility.FraudDetection.Domain.csproj", "{E7BB8830-647A-4A4E-B769-E76D1B6FA339}"
EndProject
Project("{9A19103F-16F7-4668-BE54-9A1E7A4F7556}") = "VerraMobility.Wordlist.Application", "src\VerraMobility.Wordlist.Application\VerraMobility.Wordlist.Application.csproj", "{EAF1B0C3-42B8-4F16-886E-F255AA31D774}"
EndProject
Project("{9A19103F-16F7-4668-BE54-9A1E7A4F7556}") = "VerraMobility.Wordlist.Domain", "src\VerraMobility.Wordlist.Domain\VerraMobility.Wordlist.Domain.csproj", "{4CE0D0E7-FA62-4A06-81A9-A6CC2D7326E2}"
EndProject
Project("{9A19103F-16F7-4668-BE54-9A1E7A4F7556}") = "VerraMobility.Shared.Settings", "src\VerraMobility.Shared.Settings\VerraMobility.Shared.Settings.csproj", "{6C9A81E7-CFFA-44ED-8A6C-407DA2249183}"
EndProject
Project("{9A19103F-16F7-4668-BE54-9A1E7A4F7556}") = "VerraMobility.Infraestructure.ReaderFiles", "src\VerraMobility.Infraestructure.ReaderFiles\VerraMobility.Infraestructure.ReaderFiles.csproj", "{5292BEF5-B469-4ABD-B367-CF7052D21DCD}"
EndProject
Project("{9A19103F-16F7-4668-BE54-9A1E7A4F7556}") = "VerraMobility.Infraestructure.Repository", "src\VerraMobility.Infraestructure.Repository\VerraMobility.Infraestructure.Repository.csproj", "{2E69AFAE-4BBB-4206-BD6D-7A5DE3C7D214}"
EndProject
Project("{9A19103F-16F7-4668-BE54-9A1E7A4F7556}") = "VerraMobility.FraudDetection.Application.Test", "src\VerraMobility.FraudDetection.Application.Test\VerraMobility.FraudDetection.Application.Test.csproj", "{2D9CF9A5-4A77-40ED-9CC5-9989FA9BE67E}"
EndProject
Project("{9A19103F-16F7-4668-BE54-9A1E7A4F7556}") = "VerraMobility.Wordlist.Application.Test", "src\VerraMobility.Wordlist.Application.Test\VerraMobility.Wordlist.Application.Test.csproj", "{3EF473BD-73F5-4195-A96F-9EB674E6C570}"
EndProject
Project("{9A19103F-16F7-4668-BE54-9A1E7A4F7556}") = "VerraMobility.Wordlist.Domain.Test", "src\VerraMobility.Wordlist.Domain.Test\VerraMobility.Wordlist.Domain.Test.csproj", "{31179065-B076-4783-B9AD-D5314AFF51AF}"
EndProject
Project("{9A19103F-16F7-4668-BE54-9A1E7A4F7556}") = "VerraMobility.Presentation", "src\VerraMobility.Presentation\VerraMobility.Presentation.csproj", "{FCACA478-108E-4F8C-A9A1-A103010DF8FF}"
EndProject
Global
	GlobalSection(SolutionConfigurationPlatforms) = preSolution
		Debug|Any CPU = Debug|Any CPU
		Release|Any CPU = Release|Any CPU
	EndGlobalSection
	GlobalSection(ProjectConfigurationPlatforms) = postSolution
		{890782A8-FF32-4D78-9740-361B2FCC3468}.Debug|Any CPU.ActiveCfg = Debug|Any CPU
		{890782A8-FF32-4D78-9740-361B2FCC3468}.Debug|Any CPU.Build.0 = Debug|Any CPU
		{890782A8-FF32-4D78-9740-361B2FCC3468}.Release|Any CPU.ActiveCfg = Release|Any CPU
		{890782A8-FF32-4D78-9740-361B2FCC3468}.Release|Any CPU.Build.0 = Release|Any CPU
		{E7BB8830-647A-4A4E-B769-E76D1B6FA339}.Debug|Any CPU.ActiveCfg = Debug|Any CPU
		{E7BB8830-647A-4A4E-B769-E76D1B6FA339}.Debug|Any CPU.Build.0 = Debug|Any CPU
		{E7BB8830-647A-4A4E-B769-E76D1B6FA339}.Release|Any CPU.ActiveCfg = Release|Any CPU
		{E7BB8830-647A-4A4E-B769-E76D1B6FA339}.Release|Any CPU.Build.0 = Release|Any CPU
		{EAF1B0C3-42B8-4F16-886E-F255AA31D774}.Debug|Any CPU.ActiveCfg = Debug|Any CPU
		{EAF1B0C3-42B8-4F16-886E-F255AA31D774}.Debug|Any CPU.Build.0 = Debug|Any CPU
		{EAF1B0C3-42B8-4F16-886E-F255AA31D774}.Release|Any CPU.ActiveCfg = Release|Any CPU
		{EAF1B0C3-42B8-4F16-886E-F255AA31D774}.Release|Any CPU.Build.0 = Release|Any CPU
		{4CE0D0E7-FA62-4A06-81A9-A6CC2D7326E2}.Debug|Any CPU.ActiveCfg = Debug|Any CPU
		{4CE0D0E7-FA62-4A06-81A9-A6CC2D7326E2}.Debug|Any CPU.Build.0 = Debug|Any CPU
		{4CE0D0E7-FA62-4A06-81A9-A6CC2D7326E2}.Release|Any CPU.ActiveCfg = Release|Any CPU
		{4CE0D0E7-FA62-4A06-81A9-A6CC2D7326E2}.Release|Any CPU.Build.0 = Release|Any CPU
		{6C9A81E7-CFFA-44ED-8A6C-407DA2249183}.Debug|Any CPU.ActiveCfg = Debug|Any CPU
		{6C9A81E7-CFFA-44ED-8A6C-407DA2249183}.Debug|Any CPU.Build.0 = Debug|Any CPU
		{6C9A81E7-CFFA-44ED-8A6C-407DA2249183}.Release|Any CPU.ActiveCfg = Release|Any CPU
		{6C9A81E7-CFFA-44ED-8A6C-407DA2249183}.Release|Any CPU.Build.0 = Release|Any CPU
		{5292BEF5-B469-4ABD-B367-CF7052D21DCD}.Debug|Any CPU.ActiveCfg = Debug|Any CPU
		{5292BEF5-B469-4ABD-B367-CF7052D21DCD}.Debug|Any CPU.Build.0 = Debug|Any CPU
		{5292BEF5-B469-4ABD-B367-CF7052D21DCD}.Release|Any CPU.ActiveCfg = Release|Any CPU
		{5292BEF5-B469-4ABD-B367-CF7052D21DCD}.Release|Any CPU.Build.0 = Release|Any CPU
		{2E69AFAE-4BBB-4206-BD6D-7A5DE3C7D214}.Debug|Any CPU.ActiveCfg = Debug|Any CPU
		{2E69AFAE-4BBB-4206-BD6D-7A5DE3C7D214}.Debug|Any CPU.Build.0 = Debug|Any CPU
		{2E69AFAE-4BBB-4206-BD6D-7A5DE3C7D214}.Release|Any CPU.ActiveCfg = Release|Any CPU
		{2E69AFAE-4BBB-4206-BD6D-7A5DE3C7D214}.Release|Any CPU.Build.0 = Release|Any CPU
		{2D9CF9A5-4A77-40ED-9CC5-9989FA9BE67E}.Debug|Any CPU.ActiveCfg = Debug|Any CPU
		{2D9CF9A5-4A77-40ED-9CC5-9989FA9BE67E}.Debug|Any CPU.Build.0 = Debug|Any CPU
		{2D9CF9A5-4A77-40ED-9CC5-9989FA9BE67E}.Release|Any CPU.ActiveCfg = Release|Any CPU
		{2D9CF9A5-4A77-40ED-9CC5-9989FA9BE67E}.Release|Any CPU.Build.0 = Release|Any CPU
		{3EF473BD-73F5-4195-A96F-9EB674E6C570}.Debug|Any CPU.ActiveCfg = Debug|Any CPU
		{3EF473BD-73F5-4195-A96F-9EB674E6C570}.Debug|Any CPU.Build.0 = Debug|Any CPU
		{3EF473BD-73F5-4195-A96F-9EB674E6C570}.Release|Any CPU.ActiveCfg = Release|Any CPU
		{3EF473BD-73F5-4195-A96F-9EB674E6C570}.Release|Any CPU.Build.0 = Release|Any CPU
		{31179065-B076-4783-B9AD-D5314AFF51AF}.Debug|Any CPU.ActiveCfg = Debug|Any CPU
		{31179065-B076-4783-B9AD-D5314AFF51AF}.Debug|Any CPU.Build.0 = Debug|Any CPU
		{31179065-B076-4783-B9AD-D5314AFF51AF}.Release|Any CPU.ActiveCfg = Release|Any CPU
		{31179065-B076-4783-B9AD-D5314AFF51AF}.Release|Any CPU.Build.0 = Release|Any CPU
		{FCACA478-108E-4F8C-A9A1-A103010DF8FF}.Debug|Any CPU.ActiveCfg = Debug|Any CPU
		{FCACA478-108E-4F8C-A9A1-A103010DF8FF}.Debug|Any CPU.Build.0 = Debug|Any CPU
		{FCACA478-108E-4F8C-A9A1-A103010DF8FF}.Release|Any CPU.ActiveCfg = Release|Any CPU
		{FCACA478-108E-4F8C-A9A1-A103010DF8FF}.Release|Any CPU.Build.0 = Release|Any CPU
	EndGlobalSection
	GlobalSection(SolutionProperties) = preSolution
		HideSolutionNode = FALSE
	EndGlobalSection
	GlobalSection(NestedProjects) = preSolution
		{2A6F0012-E27A-4988-8054-4D808673B2E6} = {C912704D-AC3E-4A5C-828C-EE4538658FB2}
		{9195E169-8A57-4812-B28A-B35BF2AC46DE} = {8ABCD4ED-E61A-4F06-9D38-B5053D8AA61E}
		{8ABCD4ED-E61A-4F06-9D38-B5053D8AA61E} = {BF085B38-50C2-483F-BB55-3A166C951FC4}
		{C912704D-AC3E-4A5C-828C-EE4538658FB2} = {BF085B38-50C2-483F-BB55-3A166C951FC4}
		{890782A8-FF32-4D78-9740-361B2FCC3468} = {8ABCD4ED-E61A-4F06-9D38-B5053D8AA61E}
		{E7BB8830-647A-4A4E-B769-E76D1B6FA339} = {8ABCD4ED-E61A-4F06-9D38-B5053D8AA61E}
		{EAF1B0C3-42B8-4F16-886E-F255AA31D774} = {C912704D-AC3E-4A5C-828C-EE4538658FB2}
		{4CE0D0E7-FA62-4A06-81A9-A6CC2D7326E2} = {C912704D-AC3E-4A5C-828C-EE4538658FB2}
		{5292BEF5-B469-4ABD-B367-CF7052D21DCD} = {773F0DD2-FF2D-493F-8103-614555400835}
		{2E69AFAE-4BBB-4206-BD6D-7A5DE3C7D214} = {773F0DD2-FF2D-493F-8103-614555400835}
		{2D9CF9A5-4A77-40ED-9CC5-9989FA9BE67E} = {9195E169-8A57-4812-B28A-B35BF2AC46DE}
		{3EF473BD-73F5-4195-A96F-9EB674E6C570} = {2A6F0012-E27A-4988-8054-4D808673B2E6}
		{31179065-B076-4783-B9AD-D5314AFF51AF} = {2A6F0012-E27A-4988-8054-4D808673B2E6}
		{FCACA478-108E-4F8C-A9A1-A103010DF8FF} = {346E96E2-3731-480E-B56F-1BCF5EFD2F32}
	EndGlobalSection
	GlobalSection(ExtensibilityGlobals) = postSolution
		SolutionGuid = {4964367D-F99A-4137-ACD8-EFE10D01C9B2}
	EndGlobalSection
EndGlobal
